
Microsoft Visual Studio Solution File, Format Version 12.00
# Visual Studio 15
VisualStudioVersion = 15.0.27130.2027
MinimumVisualStudioVersion = 10.0.40219.1
Project("{FAE04EC0-301F-11D3-BF4B-00C04F79EFBC}") = "CollezioneLibrary", "CollezioneLibrary\CollezioneLibrary.csproj", "{F08CCE3C-6ECC-4EED-9218-462484201499}"
EndProject
Project("{FAE04EC0-301F-11D3-BF4B-00C04F79EFBC}") = "CollezioneLibrary.Test", "CollezioneLibrary.Test\CollezioneLibrary.Test.csproj", "{5B65C83A-83F9-49B2-ACA7-5610B65B2E2D}"
EndProject
Global
	GlobalSection(SolutionConfigurationPlatforms) = preSolution
		Debug|Any CPU = Debug|Any CPU
		Release|Any CPU = Release|Any CPU
	EndGlobalSection
	GlobalSection(ProjectConfigurationPlatforms) = postSolution
		{F08CCE3C-6ECC-4EED-9218-462484201499}.Debug|Any CPU.ActiveCfg = Debug|Any CPU
		{F08CCE3C-6ECC-4EED-9218-462484201499}.Debug|Any CPU.Build.0 = Debug|Any CPU
		{F08CCE3C-6ECC-4EED-9218-462484201499}.Release|Any CPU.ActiveCfg = Release|Any CPU
		{F08CCE3C-6ECC-4EED-9218-462484201499}.Release|Any CPU.Build.0 = Release|Any CPU
		{5B65C83A-83F9-49B2-ACA7-5610B65B2E2D}.Debug|Any CPU.ActiveCfg = Debug|Any CPU
		{5B65C83A-83F9-49B2-ACA7-5610B65B2E2D}.Debug|Any CPU.Build.0 = Debug|Any CPU
		{5B65C83A-83F9-49B2-ACA7-5610B65B2E2D}.Release|Any CPU.ActiveCfg = Release|Any CPU
		{5B65C83A-83F9-49B2-ACA7-5610B65B2E2D}.Release|Any CPU.Build.0 = Release|Any CPU
	EndGlobalSection
	GlobalSection(SolutionProperties) = preSolution
		HideSolutionNode = FALSE
	EndGlobalSection
	GlobalSection(ExtensibilityGlobals) = postSolution
		SolutionGuid = {E0BA8813-FBAD-4E44-A121-84BD19E1805B}
	EndGlobalSection
EndGlobal
